// !$*UTF8*$!
{
	archiveVersion = 1;
	classes = {
	};
	objectVersion = 51;
	objects = {

/* Begin PBXBuildFile section */
		3006A4FCD480DE48B4194210 /* Pods_TransformersAppTests.framework in Frameworks */ = {isa = PBXBuildFile; fileRef = 5494F1EAF4B3A5F24D5AE357 /* Pods_TransformersAppTests.framework */; };
		B0D7255A2CF16885E8A397FB /* Pods_TransformersApp.framework in Frameworks */ = {isa = PBXBuildFile; fileRef = C11F09A8122E94BC61A70C1C /* Pods_TransformersApp.framework */; };
		B2FE35643AFFB818F20E3A4F /* Pods_TransformersApp_TransformersAppUITests.framework in Frameworks */ = {isa = PBXBuildFile; fileRef = 652FAC9CAA337546B657C97E /* Pods_TransformersApp_TransformersAppUITests.framework */; };
		E222618E257C2234005F3273 /* EmptyResult.swift in Sources */ = {isa = PBXBuildFile; fileRef = E222618D257C2234005F3273 /* EmptyResult.swift */; };
		E2226193257CA6DB005F3273 /* Alertable.swift in Sources */ = {isa = PBXBuildFile; fileRef = E2226192257CA6DB005F3273 /* Alertable.swift */; };
		E2226198257CA8C8005F3273 /* TransformerCellState.swift in Sources */ = {isa = PBXBuildFile; fileRef = E2226197257CA8C8005F3273 /* TransformerCellState.swift */; };
		E222619E257CBFD2005F3273 /* TransformerDetailViewController.swift in Sources */ = {isa = PBXBuildFile; fileRef = E222619D257CBFD2005F3273 /* TransformerDetailViewController.swift */; };
		E22261A8257CC008005F3273 /* TransformerEditViewModel.swift in Sources */ = {isa = PBXBuildFile; fileRef = E22261A7257CC008005F3273 /* TransformerEditViewModel.swift */; };
		E22261B0257CC024005F3273 /* TransformerAddViewModel.swift in Sources */ = {isa = PBXBuildFile; fileRef = E22261AF257CC024005F3273 /* TransformerAddViewModel.swift */; };
		E22261B6257CC03E005F3273 /* TransformerDetailProtocols.swift in Sources */ = {isa = PBXBuildFile; fileRef = E22261B5257CC03E005F3273 /* TransformerDetailProtocols.swift */; };
		E22261C0257CC105005F3273 /* TransformerAddCoordinator.swift in Sources */ = {isa = PBXBuildFile; fileRef = E22261BF257CC105005F3273 /* TransformerAddCoordinator.swift */; };
		E22261C5257CC112005F3273 /* TransformerEditCoordinator.swift in Sources */ = {isa = PBXBuildFile; fileRef = E22261C4257CC112005F3273 /* TransformerEditCoordinator.swift */; };
		E254A64E257A00800058F6C6 /* DecodingType.swift in Sources */ = {isa = PBXBuildFile; fileRef = E254A64D257A00800058F6C6 /* DecodingType.swift */; };
		E254A653257A017A0058F6C6 /* TransformersInteractor.swift in Sources */ = {isa = PBXBuildFile; fileRef = E254A652257A017A0058F6C6 /* TransformersInteractor.swift */; };
		E254A66D257A041F0058F6C6 /* KeychainStorage.swift in Sources */ = {isa = PBXBuildFile; fileRef = E254A66C257A041F0058F6C6 /* KeychainStorage.swift */; };
		E254A69C257A05750058F6C6 /* SecureStorage.swift in Sources */ = {isa = PBXBuildFile; fileRef = E254A69B257A05750058F6C6 /* SecureStorage.swift */; };
		E28E7AB2257B5E8100D910EB /* SplashBuilder.swift in Sources */ = {isa = PBXBuildFile; fileRef = E28E7AB1257B5E8100D910EB /* SplashBuilder.swift */; };
		E2A31B8A257AD5FE00A415D5 /* SecureStorageProtocol.swift in Sources */ = {isa = PBXBuildFile; fileRef = E2A31B89257AD5FD00A415D5 /* SecureStorageProtocol.swift */; };
		E2A31B9B257ADC1500A415D5 /* AuthClientProtocol.swift in Sources */ = {isa = PBXBuildFile; fileRef = E2A31B9A257ADC1500A415D5 /* AuthClientProtocol.swift */; };
		E2A31BA0257AEEE600A415D5 /* TransformersViewState.swift in Sources */ = {isa = PBXBuildFile; fileRef = E2A31B9F257AEEE600A415D5 /* TransformersViewState.swift */; };
		E2A31BA6257AF26C00A415D5 /* Bindable.swift in Sources */ = {isa = PBXBuildFile; fileRef = E2A31BA5257AF26C00A415D5 /* Bindable.swift */; };
		E2A31BAD257AF43800A415D5 /* UIView+Layout.swift in Sources */ = {isa = PBXBuildFile; fileRef = E2A31BAC257AF43800A415D5 /* UIView+Layout.swift */; };
		E2A31BB4257AF5AE00A415D5 /* TransformerTableViewCell.swift in Sources */ = {isa = PBXBuildFile; fileRef = E2A31BB3257AF5AE00A415D5 /* TransformerTableViewCell.swift */; };
		E2A31BB9257AF5C000A415D5 /* TransformerCellViewModel.swift in Sources */ = {isa = PBXBuildFile; fileRef = E2A31BB8257AF5C000A415D5 /* TransformerCellViewModel.swift */; };
		E2A31BBF257AF5EF00A415D5 /* Transformer.swift in Sources */ = {isa = PBXBuildFile; fileRef = E2A31BBE257AF5EF00A415D5 /* Transformer.swift */; };
		E2A31BC4257AF60100A415D5 /* TransformerType.swift in Sources */ = {isa = PBXBuildFile; fileRef = E2A31BC3257AF60100A415D5 /* TransformerType.swift */; };
		E2A31BC9257B0E8C00A415D5 /* UITableView+Register.swift in Sources */ = {isa = PBXBuildFile; fileRef = E2A31BC8257B0E8C00A415D5 /* UITableView+Register.swift */; };
		E2A31BCE257B116B00A415D5 /* Dequeuable.swift in Sources */ = {isa = PBXBuildFile; fileRef = E2A31BCD257B116B00A415D5 /* Dequeuable.swift */; };
		E2A31BD4257B12DA00A415D5 /* TransformerClient.swift in Sources */ = {isa = PBXBuildFile; fileRef = E2A31BD3257B12DA00A415D5 /* TransformerClient.swift */; };
		E2A31BD9257B12E600A415D5 /* TransformerProvider.swift in Sources */ = {isa = PBXBuildFile; fileRef = E2A31BD8257B12E600A415D5 /* TransformerProvider.swift */; };
		E2A31BDE257B12F100A415D5 /* TransformerClientProtocol.swift in Sources */ = {isa = PBXBuildFile; fileRef = E2A31BDD257B12F100A415D5 /* TransformerClientProtocol.swift */; };
		E2A31BE3257B155E00A415D5 /* TransformersResult.swift in Sources */ = {isa = PBXBuildFile; fileRef = E2A31BE2257B155E00A415D5 /* TransformersResult.swift */; };
		E2A31BEF257B195C00A415D5 /* LoadingFooterView.swift in Sources */ = {isa = PBXBuildFile; fileRef = E2A31BEE257B195C00A415D5 /* LoadingFooterView.swift */; };
		E2A31BF4257B197300A415D5 /* TitledFooterView.swift in Sources */ = {isa = PBXBuildFile; fileRef = E2A31BF3257B197300A415D5 /* TitledFooterView.swift */; };
		E2A31BFA257B1A0800A415D5 /* FontHelper.swift in Sources */ = {isa = PBXBuildFile; fileRef = E2A31BF9257B1A0800A415D5 /* FontHelper.swift */; };
		E2A31C00257B281100A415D5 /* SplashViewController.swift in Sources */ = {isa = PBXBuildFile; fileRef = E2A31BFF257B281100A415D5 /* SplashViewController.swift */; };
		E2A31C05257B282900A415D5 /* SplashViewModel.swift in Sources */ = {isa = PBXBuildFile; fileRef = E2A31C04257B282900A415D5 /* SplashViewModel.swift */; };
		E2A31C0A257B287D00A415D5 /* SplashProtocols.swift in Sources */ = {isa = PBXBuildFile; fileRef = E2A31C09257B287D00A415D5 /* SplashProtocols.swift */; };
		E2A31C0F257B289200A415D5 /* SplashInteractor.swift in Sources */ = {isa = PBXBuildFile; fileRef = E2A31C0E257B289200A415D5 /* SplashInteractor.swift */; };
		E2A31C1E257B501E00A415D5 /* Localizable.strings in Resources */ = {isa = PBXBuildFile; fileRef = E2A31C20257B501E00A415D5 /* Localizable.strings */; };
		E2A31C2A257B509000A415D5 /* LocalizedStrings.swift in Sources */ = {isa = PBXBuildFile; fileRef = E2A31C29257B509000A415D5 /* LocalizedStrings.swift */; };
		E2A31C2F257B509E00A415D5 /* Localizable.swift in Sources */ = {isa = PBXBuildFile; fileRef = E2A31C2E257B509E00A415D5 /* Localizable.swift */; };
		E2A31C34257B50C500A415D5 /* String+Localized.swift in Sources */ = {isa = PBXBuildFile; fileRef = E2A31C33257B50C500A415D5 /* String+Localized.swift */; };
		E2A31C39257B529100A415D5 /* Coordinator.swift in Sources */ = {isa = PBXBuildFile; fileRef = E2A31C38257B529100A415D5 /* Coordinator.swift */; };
		E2A31C3E257B543E00A415D5 /* TransformersCoordinator.swift in Sources */ = {isa = PBXBuildFile; fileRef = E2A31C3D257B543E00A415D5 /* TransformersCoordinator.swift */; };
		E2A31C43257B54E900A415D5 /* SplashCoordinator.swift in Sources */ = {isa = PBXBuildFile; fileRef = E2A31C42257B54E900A415D5 /* SplashCoordinator.swift */; };
		E2A31C50257B59FB00A415D5 /* SplashView.swift in Sources */ = {isa = PBXBuildFile; fileRef = E2A31C4F257B59FB00A415D5 /* SplashView.swift */; };
		E2C948C42579EF83007BBCD2 /* AppDelegate.swift in Sources */ = {isa = PBXBuildFile; fileRef = E2C948C32579EF83007BBCD2 /* AppDelegate.swift */; };
		E2C948C62579EF83007BBCD2 /* SceneDelegate.swift in Sources */ = {isa = PBXBuildFile; fileRef = E2C948C52579EF83007BBCD2 /* SceneDelegate.swift */; };
		E2C948CD2579EF86007BBCD2 /* Assets.xcassets in Resources */ = {isa = PBXBuildFile; fileRef = E2C948CC2579EF86007BBCD2 /* Assets.xcassets */; };
		E2C948D02579EF86007BBCD2 /* LaunchScreen.storyboard in Resources */ = {isa = PBXBuildFile; fileRef = E2C948CE2579EF86007BBCD2 /* LaunchScreen.storyboard */; };
		E2C948DB2579EF86007BBCD2 /* TransformersAppTests.swift in Sources */ = {isa = PBXBuildFile; fileRef = E2C948DA2579EF86007BBCD2 /* TransformersAppTests.swift */; };
		E2C948E62579EF86007BBCD2 /* TransformersAppUITests.swift in Sources */ = {isa = PBXBuildFile; fileRef = E2C948E52579EF86007BBCD2 /* TransformersAppUITests.swift */; };
		E2C949022579F235007BBCD2 /* TransformersViewController.swift in Sources */ = {isa = PBXBuildFile; fileRef = E2C949012579F235007BBCD2 /* TransformersViewController.swift */; };
		E2C949072579F241007BBCD2 /* TransformersViewModel.swift in Sources */ = {isa = PBXBuildFile; fileRef = E2C949062579F241007BBCD2 /* TransformersViewModel.swift */; };
		E2C9490C2579F274007BBCD2 /* TransformersProtocols.swift in Sources */ = {isa = PBXBuildFile; fileRef = E2C9490B2579F274007BBCD2 /* TransformersProtocols.swift */; };
		E2C949122579F391007BBCD2 /* APIClient.swift in Sources */ = {isa = PBXBuildFile; fileRef = E2C949112579F391007BBCD2 /* APIClient.swift */; };
		E2C949172579F39E007BBCD2 /* APIError.swift in Sources */ = {isa = PBXBuildFile; fileRef = E2C949162579F39E007BBCD2 /* APIError.swift */; };
		E2C9491C2579F3AA007BBCD2 /* Endpoint.swift in Sources */ = {isa = PBXBuildFile; fileRef = E2C9491B2579F3AA007BBCD2 /* Endpoint.swift */; };
		E2C949222579F42C007BBCD2 /* URLRequest+ContentType.swift in Sources */ = {isa = PBXBuildFile; fileRef = E2C949212579F42C007BBCD2 /* URLRequest+ContentType.swift */; };
		E2C949272579F451007BBCD2 /* Dictionary+PercentEscaped.swift in Sources */ = {isa = PBXBuildFile; fileRef = E2C949262579F451007BBCD2 /* Dictionary+PercentEscaped.swift */; };
		E2C949402579F694007BBCD2 /* CharacterSet+Filtering.swift in Sources */ = {isa = PBXBuildFile; fileRef = E2C9493F2579F694007BBCD2 /* CharacterSet+Filtering.swift */; };
		E2C949472579F6D5007BBCD2 /* AuthClient.swift in Sources */ = {isa = PBXBuildFile; fileRef = E2C949462579F6D5007BBCD2 /* AuthClient.swift */; };
		E2C9494F2579F6DC007BBCD2 /* AuthProvider.swift in Sources */ = {isa = PBXBuildFile; fileRef = E2C9494E2579F6DC007BBCD2 /* AuthProvider.swift */; };
		E2C949582579F916007BBCD2 /* AccessTokenResult.swift in Sources */ = {isa = PBXBuildFile; fileRef = E2C949572579F916007BBCD2 /* AccessTokenResult.swift */; };
/* End PBXBuildFile section */

/* Begin PBXContainerItemProxy section */
		E2C948D72579EF86007BBCD2 /* PBXContainerItemProxy */ = {
			isa = PBXContainerItemProxy;
			containerPortal = E2C948B82579EF83007BBCD2 /* Project object */;
			proxyType = 1;
			remoteGlobalIDString = E2C948BF2579EF83007BBCD2;
			remoteInfo = TransformersApp;
		};
		E2C948E22579EF86007BBCD2 /* PBXContainerItemProxy */ = {
			isa = PBXContainerItemProxy;
			containerPortal = E2C948B82579EF83007BBCD2 /* Project object */;
			proxyType = 1;
			remoteGlobalIDString = E2C948BF2579EF83007BBCD2;
			remoteInfo = TransformersApp;
		};
/* End PBXContainerItemProxy section */

/* Begin PBXFileReference section */
		194831BAF8D3F05541D33AF6 /* Pods-TransformersAppTests.debug.xcconfig */ = {isa = PBXFileReference; includeInIndex = 1; lastKnownFileType = text.xcconfig; name = "Pods-TransformersAppTests.debug.xcconfig"; path = "Target Support Files/Pods-TransformersAppTests/Pods-TransformersAppTests.debug.xcconfig"; sourceTree = "<group>"; };
		293D1125E45042223A645F9F /* Pods-TransformersApp.release.xcconfig */ = {isa = PBXFileReference; includeInIndex = 1; lastKnownFileType = text.xcconfig; name = "Pods-TransformersApp.release.xcconfig"; path = "Target Support Files/Pods-TransformersApp/Pods-TransformersApp.release.xcconfig"; sourceTree = "<group>"; };
		5494F1EAF4B3A5F24D5AE357 /* Pods_TransformersAppTests.framework */ = {isa = PBXFileReference; explicitFileType = wrapper.framework; includeInIndex = 0; path = Pods_TransformersAppTests.framework; sourceTree = BUILT_PRODUCTS_DIR; };
		5D28BEA95C1EF658ECF60106 /* Pods-TransformersApp-TransformersAppUITests.debug.xcconfig */ = {isa = PBXFileReference; includeInIndex = 1; lastKnownFileType = text.xcconfig; name = "Pods-TransformersApp-TransformersAppUITests.debug.xcconfig"; path = "Target Support Files/Pods-TransformersApp-TransformersAppUITests/Pods-TransformersApp-TransformersAppUITests.debug.xcconfig"; sourceTree = "<group>"; };
		62B88A7D0D06D6FB1F61687E /* Pods-TransformersAppTests.release.xcconfig */ = {isa = PBXFileReference; includeInIndex = 1; lastKnownFileType = text.xcconfig; name = "Pods-TransformersAppTests.release.xcconfig"; path = "Target Support Files/Pods-TransformersAppTests/Pods-TransformersAppTests.release.xcconfig"; sourceTree = "<group>"; };
		652FAC9CAA337546B657C97E /* Pods_TransformersApp_TransformersAppUITests.framework */ = {isa = PBXFileReference; explicitFileType = wrapper.framework; includeInIndex = 0; path = Pods_TransformersApp_TransformersAppUITests.framework; sourceTree = BUILT_PRODUCTS_DIR; };
		66882B87FA8A7ED803157537 /* Pods-TransformersApp-TransformersAppUITests.release.xcconfig */ = {isa = PBXFileReference; includeInIndex = 1; lastKnownFileType = text.xcconfig; name = "Pods-TransformersApp-TransformersAppUITests.release.xcconfig"; path = "Target Support Files/Pods-TransformersApp-TransformersAppUITests/Pods-TransformersApp-TransformersAppUITests.release.xcconfig"; sourceTree = "<group>"; };
		B67441565501DE9117CD34DA /* Pods-TransformersApp.debug.xcconfig */ = {isa = PBXFileReference; includeInIndex = 1; lastKnownFileType = text.xcconfig; name = "Pods-TransformersApp.debug.xcconfig"; path = "Target Support Files/Pods-TransformersApp/Pods-TransformersApp.debug.xcconfig"; sourceTree = "<group>"; };
		C11F09A8122E94BC61A70C1C /* Pods_TransformersApp.framework */ = {isa = PBXFileReference; explicitFileType = wrapper.framework; includeInIndex = 0; path = Pods_TransformersApp.framework; sourceTree = BUILT_PRODUCTS_DIR; };
		E222618D257C2234005F3273 /* EmptyResult.swift */ = {isa = PBXFileReference; lastKnownFileType = sourcecode.swift; path = EmptyResult.swift; sourceTree = "<group>"; };
		E2226192257CA6DB005F3273 /* Alertable.swift */ = {isa = PBXFileReference; lastKnownFileType = sourcecode.swift; path = Alertable.swift; sourceTree = "<group>"; };
		E2226197257CA8C8005F3273 /* TransformerCellState.swift */ = {isa = PBXFileReference; lastKnownFileType = sourcecode.swift; path = TransformerCellState.swift; sourceTree = "<group>"; };
		E222619D257CBFD2005F3273 /* TransformerDetailViewController.swift */ = {isa = PBXFileReference; lastKnownFileType = sourcecode.swift; path = TransformerDetailViewController.swift; sourceTree = "<group>"; };
		E22261A7257CC008005F3273 /* TransformerEditViewModel.swift */ = {isa = PBXFileReference; lastKnownFileType = sourcecode.swift; path = TransformerEditViewModel.swift; sourceTree = "<group>"; };
		E22261AF257CC024005F3273 /* TransformerAddViewModel.swift */ = {isa = PBXFileReference; lastKnownFileType = sourcecode.swift; path = TransformerAddViewModel.swift; sourceTree = "<group>"; };
		E22261B5257CC03E005F3273 /* TransformerDetailProtocols.swift */ = {isa = PBXFileReference; lastKnownFileType = sourcecode.swift; path = TransformerDetailProtocols.swift; sourceTree = "<group>"; };
		E22261BF257CC105005F3273 /* TransformerAddCoordinator.swift */ = {isa = PBXFileReference; lastKnownFileType = sourcecode.swift; path = TransformerAddCoordinator.swift; sourceTree = "<group>"; };
		E22261C4257CC112005F3273 /* TransformerEditCoordinator.swift */ = {isa = PBXFileReference; lastKnownFileType = sourcecode.swift; path = TransformerEditCoordinator.swift; sourceTree = "<group>"; };
		E254A64D257A00800058F6C6 /* DecodingType.swift */ = {isa = PBXFileReference; lastKnownFileType = sourcecode.swift; path = DecodingType.swift; sourceTree = "<group>"; };
		E254A652257A017A0058F6C6 /* TransformersInteractor.swift */ = {isa = PBXFileReference; lastKnownFileType = sourcecode.swift; path = TransformersInteractor.swift; sourceTree = "<group>"; };
		E254A66C257A041F0058F6C6 /* KeychainStorage.swift */ = {isa = PBXFileReference; lastKnownFileType = sourcecode.swift; path = KeychainStorage.swift; sourceTree = "<group>"; };
		E254A69B257A05750058F6C6 /* SecureStorage.swift */ = {isa = PBXFileReference; lastKnownFileType = sourcecode.swift; path = SecureStorage.swift; sourceTree = "<group>"; };
		E28E7AB1257B5E8100D910EB /* SplashBuilder.swift */ = {isa = PBXFileReference; lastKnownFileType = sourcecode.swift; path = SplashBuilder.swift; sourceTree = "<group>"; };
		E2A31B89257AD5FD00A415D5 /* SecureStorageProtocol.swift */ = {isa = PBXFileReference; lastKnownFileType = sourcecode.swift; path = SecureStorageProtocol.swift; sourceTree = "<group>"; };
		E2A31B9A257ADC1500A415D5 /* AuthClientProtocol.swift */ = {isa = PBXFileReference; lastKnownFileType = sourcecode.swift; path = AuthClientProtocol.swift; sourceTree = "<group>"; };
		E2A31B9F257AEEE600A415D5 /* TransformersViewState.swift */ = {isa = PBXFileReference; lastKnownFileType = sourcecode.swift; path = TransformersViewState.swift; sourceTree = "<group>"; };
		E2A31BA5257AF26C00A415D5 /* Bindable.swift */ = {isa = PBXFileReference; lastKnownFileType = sourcecode.swift; path = Bindable.swift; sourceTree = "<group>"; };
		E2A31BAC257AF43800A415D5 /* UIView+Layout.swift */ = {isa = PBXFileReference; lastKnownFileType = sourcecode.swift; path = "UIView+Layout.swift"; sourceTree = "<group>"; };
		E2A31BB3257AF5AE00A415D5 /* TransformerTableViewCell.swift */ = {isa = PBXFileReference; lastKnownFileType = sourcecode.swift; path = TransformerTableViewCell.swift; sourceTree = "<group>"; };
		E2A31BB8257AF5C000A415D5 /* TransformerCellViewModel.swift */ = {isa = PBXFileReference; lastKnownFileType = sourcecode.swift; path = TransformerCellViewModel.swift; sourceTree = "<group>"; };
		E2A31BBE257AF5EF00A415D5 /* Transformer.swift */ = {isa = PBXFileReference; lastKnownFileType = sourcecode.swift; path = Transformer.swift; sourceTree = "<group>"; };
		E2A31BC3257AF60100A415D5 /* TransformerType.swift */ = {isa = PBXFileReference; lastKnownFileType = sourcecode.swift; path = TransformerType.swift; sourceTree = "<group>"; };
		E2A31BC8257B0E8C00A415D5 /* UITableView+Register.swift */ = {isa = PBXFileReference; lastKnownFileType = sourcecode.swift; path = "UITableView+Register.swift"; sourceTree = "<group>"; };
		E2A31BCD257B116B00A415D5 /* Dequeuable.swift */ = {isa = PBXFileReference; lastKnownFileType = sourcecode.swift; path = Dequeuable.swift; sourceTree = "<group>"; };
		E2A31BD3257B12DA00A415D5 /* TransformerClient.swift */ = {isa = PBXFileReference; lastKnownFileType = sourcecode.swift; path = TransformerClient.swift; sourceTree = "<group>"; };
		E2A31BD8257B12E600A415D5 /* TransformerProvider.swift */ = {isa = PBXFileReference; lastKnownFileType = sourcecode.swift; path = TransformerProvider.swift; sourceTree = "<group>"; };
		E2A31BDD257B12F100A415D5 /* TransformerClientProtocol.swift */ = {isa = PBXFileReference; lastKnownFileType = sourcecode.swift; path = TransformerClientProtocol.swift; sourceTree = "<group>"; };
		E2A31BE2257B155E00A415D5 /* TransformersResult.swift */ = {isa = PBXFileReference; lastKnownFileType = sourcecode.swift; path = TransformersResult.swift; sourceTree = "<group>"; };
		E2A31BEE257B195C00A415D5 /* LoadingFooterView.swift */ = {isa = PBXFileReference; lastKnownFileType = sourcecode.swift; path = LoadingFooterView.swift; sourceTree = "<group>"; };
		E2A31BF3257B197300A415D5 /* TitledFooterView.swift */ = {isa = PBXFileReference; lastKnownFileType = sourcecode.swift; path = TitledFooterView.swift; sourceTree = "<group>"; };
		E2A31BF9257B1A0800A415D5 /* FontHelper.swift */ = {isa = PBXFileReference; lastKnownFileType = sourcecode.swift; path = FontHelper.swift; sourceTree = "<group>"; };
		E2A31BFF257B281100A415D5 /* SplashViewController.swift */ = {isa = PBXFileReference; lastKnownFileType = sourcecode.swift; path = SplashViewController.swift; sourceTree = "<group>"; };
		E2A31C04257B282900A415D5 /* SplashViewModel.swift */ = {isa = PBXFileReference; lastKnownFileType = sourcecode.swift; path = SplashViewModel.swift; sourceTree = "<group>"; };
		E2A31C09257B287D00A415D5 /* SplashProtocols.swift */ = {isa = PBXFileReference; lastKnownFileType = sourcecode.swift; path = SplashProtocols.swift; sourceTree = "<group>"; };
		E2A31C0E257B289200A415D5 /* SplashInteractor.swift */ = {isa = PBXFileReference; lastKnownFileType = sourcecode.swift; path = SplashInteractor.swift; sourceTree = "<group>"; };
		E2A31C1F257B501E00A415D5 /* en */ = {isa = PBXFileReference; lastKnownFileType = text.plist.strings; name = en; path = en.lproj/Localizable.strings; sourceTree = "<group>"; };
		E2A31C24257B503600A415D5 /* es-419 */ = {isa = PBXFileReference; lastKnownFileType = text.plist.strings; name = "es-419"; path = "es-419.lproj/Localizable.strings"; sourceTree = "<group>"; };
		E2A31C29257B509000A415D5 /* LocalizedStrings.swift */ = {isa = PBXFileReference; lastKnownFileType = sourcecode.swift; path = LocalizedStrings.swift; sourceTree = "<group>"; };
		E2A31C2E257B509E00A415D5 /* Localizable.swift */ = {isa = PBXFileReference; lastKnownFileType = sourcecode.swift; path = Localizable.swift; sourceTree = "<group>"; };
		E2A31C33257B50C500A415D5 /* String+Localized.swift */ = {isa = PBXFileReference; lastKnownFileType = sourcecode.swift; path = "String+Localized.swift"; sourceTree = "<group>"; };
		E2A31C38257B529100A415D5 /* Coordinator.swift */ = {isa = PBXFileReference; lastKnownFileType = sourcecode.swift; path = Coordinator.swift; sourceTree = "<group>"; };
		E2A31C3D257B543E00A415D5 /* TransformersCoordinator.swift */ = {isa = PBXFileReference; lastKnownFileType = sourcecode.swift; path = TransformersCoordinator.swift; sourceTree = "<group>"; };
		E2A31C42257B54E900A415D5 /* SplashCoordinator.swift */ = {isa = PBXFileReference; lastKnownFileType = sourcecode.swift; path = SplashCoordinator.swift; sourceTree = "<group>"; };
		E2A31C4F257B59FB00A415D5 /* SplashView.swift */ = {isa = PBXFileReference; lastKnownFileType = sourcecode.swift; path = SplashView.swift; sourceTree = "<group>"; };
		E2C948C02579EF83007BBCD2 /* TransformersApp.app */ = {isa = PBXFileReference; explicitFileType = wrapper.application; includeInIndex = 0; path = TransformersApp.app; sourceTree = BUILT_PRODUCTS_DIR; };
		E2C948C32579EF83007BBCD2 /* AppDelegate.swift */ = {isa = PBXFileReference; lastKnownFileType = sourcecode.swift; path = AppDelegate.swift; sourceTree = "<group>"; };
		E2C948C52579EF83007BBCD2 /* SceneDelegate.swift */ = {isa = PBXFileReference; lastKnownFileType = sourcecode.swift; path = SceneDelegate.swift; sourceTree = "<group>"; };
		E2C948CC2579EF86007BBCD2 /* Assets.xcassets */ = {isa = PBXFileReference; lastKnownFileType = folder.assetcatalog; path = Assets.xcassets; sourceTree = "<group>"; };
		E2C948CF2579EF86007BBCD2 /* Base */ = {isa = PBXFileReference; lastKnownFileType = file.storyboard; name = Base; path = Base.lproj/LaunchScreen.storyboard; sourceTree = "<group>"; };
		E2C948D12579EF86007BBCD2 /* Info.plist */ = {isa = PBXFileReference; lastKnownFileType = text.plist.xml; path = Info.plist; sourceTree = "<group>"; };
		E2C948D62579EF86007BBCD2 /* TransformersAppTests.xctest */ = {isa = PBXFileReference; explicitFileType = wrapper.cfbundle; includeInIndex = 0; path = TransformersAppTests.xctest; sourceTree = BUILT_PRODUCTS_DIR; };
		E2C948DA2579EF86007BBCD2 /* TransformersAppTests.swift */ = {isa = PBXFileReference; lastKnownFileType = sourcecode.swift; path = TransformersAppTests.swift; sourceTree = "<group>"; };
		E2C948DC2579EF86007BBCD2 /* Info.plist */ = {isa = PBXFileReference; lastKnownFileType = text.plist.xml; path = Info.plist; sourceTree = "<group>"; };
		E2C948E12579EF86007BBCD2 /* TransformersAppUITests.xctest */ = {isa = PBXFileReference; explicitFileType = wrapper.cfbundle; includeInIndex = 0; path = TransformersAppUITests.xctest; sourceTree = BUILT_PRODUCTS_DIR; };
		E2C948E52579EF86007BBCD2 /* TransformersAppUITests.swift */ = {isa = PBXFileReference; lastKnownFileType = sourcecode.swift; path = TransformersAppUITests.swift; sourceTree = "<group>"; };
		E2C948E72579EF86007BBCD2 /* Info.plist */ = {isa = PBXFileReference; lastKnownFileType = text.plist.xml; path = Info.plist; sourceTree = "<group>"; };
		E2C949012579F235007BBCD2 /* TransformersViewController.swift */ = {isa = PBXFileReference; lastKnownFileType = sourcecode.swift; path = TransformersViewController.swift; sourceTree = "<group>"; };
		E2C949062579F241007BBCD2 /* TransformersViewModel.swift */ = {isa = PBXFileReference; lastKnownFileType = sourcecode.swift; path = TransformersViewModel.swift; sourceTree = "<group>"; };
		E2C9490B2579F274007BBCD2 /* TransformersProtocols.swift */ = {isa = PBXFileReference; lastKnownFileType = sourcecode.swift; path = TransformersProtocols.swift; sourceTree = "<group>"; };
		E2C949112579F391007BBCD2 /* APIClient.swift */ = {isa = PBXFileReference; lastKnownFileType = sourcecode.swift; path = APIClient.swift; sourceTree = "<group>"; };
		E2C949162579F39E007BBCD2 /* APIError.swift */ = {isa = PBXFileReference; lastKnownFileType = sourcecode.swift; path = APIError.swift; sourceTree = "<group>"; };
		E2C9491B2579F3AA007BBCD2 /* Endpoint.swift */ = {isa = PBXFileReference; lastKnownFileType = sourcecode.swift; path = Endpoint.swift; sourceTree = "<group>"; };
		E2C949212579F42C007BBCD2 /* URLRequest+ContentType.swift */ = {isa = PBXFileReference; lastKnownFileType = sourcecode.swift; path = "URLRequest+ContentType.swift"; sourceTree = "<group>"; };
		E2C949262579F451007BBCD2 /* Dictionary+PercentEscaped.swift */ = {isa = PBXFileReference; lastKnownFileType = sourcecode.swift; path = "Dictionary+PercentEscaped.swift"; sourceTree = "<group>"; };
		E2C9493F2579F694007BBCD2 /* CharacterSet+Filtering.swift */ = {isa = PBXFileReference; fileEncoding = 4; lastKnownFileType = sourcecode.swift; path = "CharacterSet+Filtering.swift"; sourceTree = "<group>"; };
		E2C949462579F6D5007BBCD2 /* AuthClient.swift */ = {isa = PBXFileReference; lastKnownFileType = sourcecode.swift; path = AuthClient.swift; sourceTree = "<group>"; };
		E2C9494E2579F6DC007BBCD2 /* AuthProvider.swift */ = {isa = PBXFileReference; lastKnownFileType = sourcecode.swift; path = AuthProvider.swift; sourceTree = "<group>"; };
		E2C949572579F916007BBCD2 /* AccessTokenResult.swift */ = {isa = PBXFileReference; lastKnownFileType = sourcecode.swift; path = AccessTokenResult.swift; sourceTree = "<group>"; };
/* End PBXFileReference section */

/* Begin PBXFrameworksBuildPhase section */
		E2C948BD2579EF83007BBCD2 /* Frameworks */ = {
			isa = PBXFrameworksBuildPhase;
			buildActionMask = 2147483647;
			files = (
				B0D7255A2CF16885E8A397FB /* Pods_TransformersApp.framework in Frameworks */,
			);
			runOnlyForDeploymentPostprocessing = 0;
		};
		E2C948D32579EF86007BBCD2 /* Frameworks */ = {
			isa = PBXFrameworksBuildPhase;
			buildActionMask = 2147483647;
			files = (
				3006A4FCD480DE48B4194210 /* Pods_TransformersAppTests.framework in Frameworks */,
			);
			runOnlyForDeploymentPostprocessing = 0;
		};
		E2C948DE2579EF86007BBCD2 /* Frameworks */ = {
			isa = PBXFrameworksBuildPhase;
			buildActionMask = 2147483647;
			files = (
				B2FE35643AFFB818F20E3A4F /* Pods_TransformersApp_TransformersAppUITests.framework in Frameworks */,
			);
			runOnlyForDeploymentPostprocessing = 0;
		};
/* End PBXFrameworksBuildPhase section */

/* Begin PBXGroup section */
		18716A500C45D51DA3656AF1 /* Pods */ = {
			isa = PBXGroup;
			children = (
				B67441565501DE9117CD34DA /* Pods-TransformersApp.debug.xcconfig */,
				293D1125E45042223A645F9F /* Pods-TransformersApp.release.xcconfig */,
				5D28BEA95C1EF658ECF60106 /* Pods-TransformersApp-TransformersAppUITests.debug.xcconfig */,
				66882B87FA8A7ED803157537 /* Pods-TransformersApp-TransformersAppUITests.release.xcconfig */,
				194831BAF8D3F05541D33AF6 /* Pods-TransformersAppTests.debug.xcconfig */,
				62B88A7D0D06D6FB1F61687E /* Pods-TransformersAppTests.release.xcconfig */,
			);
			path = Pods;
			sourceTree = "<group>";
		};
		924C4F3F58841DC9A4B6DA36 /* Frameworks */ = {
			isa = PBXGroup;
			children = (
				C11F09A8122E94BC61A70C1C /* Pods_TransformersApp.framework */,
				652FAC9CAA337546B657C97E /* Pods_TransformersApp_TransformersAppUITests.framework */,
				5494F1EAF4B3A5F24D5AE357 /* Pods_TransformersAppTests.framework */,
			);
			name = Frameworks;
			sourceTree = "<group>";
		};
		E222619C257CBFA5005F3273 /* TransformerDetail */ = {
			isa = PBXGroup;
			children = (
				E22261BE257CC04E005F3273 /* AddTransformer */,
				E22261BD257CC042005F3273 /* EditTransformer */,
				E222619D257CBFD2005F3273 /* TransformerDetailViewController.swift */,
				E22261B5257CC03E005F3273 /* TransformerDetailProtocols.swift */,
			);
			path = TransformerDetail;
			sourceTree = "<group>";
		};
		E22261BD257CC042005F3273 /* EditTransformer */ = {
			isa = PBXGroup;
			children = (
				E22261A7257CC008005F3273 /* TransformerEditViewModel.swift */,
				E22261C4257CC112005F3273 /* TransformerEditCoordinator.swift */,
			);
			path = EditTransformer;
			sourceTree = "<group>";
		};
		E22261BE257CC04E005F3273 /* AddTransformer */ = {
			isa = PBXGroup;
			children = (
				E22261AF257CC024005F3273 /* TransformerAddViewModel.swift */,
				E22261BF257CC105005F3273 /* TransformerAddCoordinator.swift */,
			);
			path = AddTransformer;
			sourceTree = "<group>";
		};
		E254A66B257A04130058F6C6 /* Helpers */ = {
			isa = PBXGroup;
			children = (
				E2A31BF8257B1A0000A415D5 /* Utils */,
				E2A31BED257B192D00A415D5 /* ViewComponents */,
				E2A31BAA257AF42100A415D5 /* Extensions */,
				E2A31BA4257AF26400A415D5 /* Protocols */,
				E2A31B88257AD5EE00A415D5 /* SecureStorage */,
			);
			path = Helpers;
			sourceTree = "<group>";
		};
		E2A31B88257AD5EE00A415D5 /* SecureStorage */ = {
			isa = PBXGroup;
			children = (
				E2A31B89257AD5FD00A415D5 /* SecureStorageProtocol.swift */,
				E254A69B257A05750058F6C6 /* SecureStorage.swift */,
				E254A66C257A041F0058F6C6 /* KeychainStorage.swift */,
			);
			path = SecureStorage;
			sourceTree = "<group>";
		};
		E2A31BA4257AF26400A415D5 /* Protocols */ = {
			isa = PBXGroup;
			children = (
				E2A31BA5257AF26C00A415D5 /* Bindable.swift */,
				E2A31BCD257B116B00A415D5 /* Dequeuable.swift */,
				E2A31C38257B529100A415D5 /* Coordinator.swift */,
				E2226192257CA6DB005F3273 /* Alertable.swift */,
			);
			path = Protocols;
			sourceTree = "<group>";
		};
		E2A31BAA257AF42100A415D5 /* Extensions */ = {
			isa = PBXGroup;
			children = (
				E2A31BAB257AF42700A415D5 /* UI */,
			);
			path = Extensions;
			sourceTree = "<group>";
		};
		E2A31BAB257AF42700A415D5 /* UI */ = {
			isa = PBXGroup;
			children = (
				E2A31BAC257AF43800A415D5 /* UIView+Layout.swift */,
				E2A31BC8257B0E8C00A415D5 /* UITableView+Register.swift */,
			);
			path = UI;
			sourceTree = "<group>";
		};
		E2A31BB1257AF58D00A415D5 /* ViewComponents */ = {
			isa = PBXGroup;
			children = (
				E2A31BB2257AF59700A415D5 /* Cells */,
			);
			path = ViewComponents;
			sourceTree = "<group>";
		};
		E2A31BB2257AF59700A415D5 /* Cells */ = {
			isa = PBXGroup;
			children = (
				E2A31BB3257AF5AE00A415D5 /* TransformerTableViewCell.swift */,
				E2A31BB8257AF5C000A415D5 /* TransformerCellViewModel.swift */,
				E2226197257CA8C8005F3273 /* TransformerCellState.swift */,
			);
			path = Cells;
			sourceTree = "<group>";
		};
		E2A31BBD257AF5E600A415D5 /* Entities */ = {
			isa = PBXGroup;
			children = (
				E2A31BBE257AF5EF00A415D5 /* Transformer.swift */,
				E2A31BC3257AF60100A415D5 /* TransformerType.swift */,
			);
			path = Entities;
			sourceTree = "<group>";
		};
		E2A31BD2257B12BF00A415D5 /* Transformers */ = {
			isa = PBXGroup;
			children = (
				E2A31BD3257B12DA00A415D5 /* TransformerClient.swift */,
				E2A31BD8257B12E600A415D5 /* TransformerProvider.swift */,
				E2A31BDD257B12F100A415D5 /* TransformerClientProtocol.swift */,
			);
			path = Transformers;
			sourceTree = "<group>";
		};
		E2A31BED257B192D00A415D5 /* ViewComponents */ = {
			isa = PBXGroup;
			children = (
				E2A31BEE257B195C00A415D5 /* LoadingFooterView.swift */,
				E2A31BF3257B197300A415D5 /* TitledFooterView.swift */,
			);
			path = ViewComponents;
			sourceTree = "<group>";
		};
		E2A31BF8257B1A0000A415D5 /* Utils */ = {
			isa = PBXGroup;
			children = (
				E2A31C28257B507C00A415D5 /* Localization */,
				E2A31BF9257B1A0800A415D5 /* FontHelper.swift */,
			);
			path = Utils;
			sourceTree = "<group>";
		};
		E2A31BFE257B280200A415D5 /* Splash */ = {
			isa = PBXGroup;
			children = (
				E2A31BFF257B281100A415D5 /* SplashViewController.swift */,
				E2A31C04257B282900A415D5 /* SplashViewModel.swift */,
				E2A31C09257B287D00A415D5 /* SplashProtocols.swift */,
				E2A31C0E257B289200A415D5 /* SplashInteractor.swift */,
				E2A31C42257B54E900A415D5 /* SplashCoordinator.swift */,
				E2A31C4F257B59FB00A415D5 /* SplashView.swift */,
				E28E7AB1257B5E8100D910EB /* SplashBuilder.swift */,
			);
			path = Splash;
			sourceTree = "<group>";
		};
		E2A31C28257B507C00A415D5 /* Localization */ = {
			isa = PBXGroup;
			children = (
				E2A31C29257B509000A415D5 /* LocalizedStrings.swift */,
				E2A31C2E257B509E00A415D5 /* Localizable.swift */,
				E2A31C33257B50C500A415D5 /* String+Localized.swift */,
			);
			path = Localization;
			sourceTree = "<group>";
		};
		E2C948B72579EF83007BBCD2 = {
			isa = PBXGroup;
			children = (
				E2C948C22579EF83007BBCD2 /* TransformersApp */,
				E2C948D92579EF86007BBCD2 /* TransformersAppTests */,
				E2C948E42579EF86007BBCD2 /* TransformersAppUITests */,
				E2C948C12579EF83007BBCD2 /* Products */,
				18716A500C45D51DA3656AF1 /* Pods */,
				924C4F3F58841DC9A4B6DA36 /* Frameworks */,
			);
			sourceTree = "<group>";
		};
		E2C948C12579EF83007BBCD2 /* Products */ = {
			isa = PBXGroup;
			children = (
				E2C948C02579EF83007BBCD2 /* TransformersApp.app */,
				E2C948D62579EF86007BBCD2 /* TransformersAppTests.xctest */,
				E2C948E12579EF86007BBCD2 /* TransformersAppUITests.xctest */,
			);
			name = Products;
			sourceTree = "<group>";
		};
		E2C948C22579EF83007BBCD2 /* TransformersApp */ = {
			isa = PBXGroup;
			children = (
				E2C948FF2579F212007BBCD2 /* Scenes */,
				E2A31BBD257AF5E600A415D5 /* Entities */,
				E254A66B257A04130058F6C6 /* Helpers */,
				E2C949102579F2D4007BBCD2 /* Networking */,
				E2C948C32579EF83007BBCD2 /* AppDelegate.swift */,
				E2C948C52579EF83007BBCD2 /* SceneDelegate.swift */,
				E2C948CC2579EF86007BBCD2 /* Assets.xcassets */,
				E2C948CE2579EF86007BBCD2 /* LaunchScreen.storyboard */,
				E2C948D12579EF86007BBCD2 /* Info.plist */,
				E2A31C20257B501E00A415D5 /* Localizable.strings */,
			);
			path = TransformersApp;
			sourceTree = "<group>";
		};
		E2C948D92579EF86007BBCD2 /* TransformersAppTests */ = {
			isa = PBXGroup;
			children = (
				E2C948DA2579EF86007BBCD2 /* TransformersAppTests.swift */,
				E2C948DC2579EF86007BBCD2 /* Info.plist */,
			);
			path = TransformersAppTests;
			sourceTree = "<group>";
		};
		E2C948E42579EF86007BBCD2 /* TransformersAppUITests */ = {
			isa = PBXGroup;
			children = (
				E2C948E52579EF86007BBCD2 /* TransformersAppUITests.swift */,
				E2C948E72579EF86007BBCD2 /* Info.plist */,
			);
			path = TransformersAppUITests;
			sourceTree = "<group>";
		};
		E2C948FF2579F212007BBCD2 /* Scenes */ = {
			isa = PBXGroup;
			children = (
				E2C949002579F21C007BBCD2 /* Transformers */,
				E222619C257CBFA5005F3273 /* TransformerDetail */,
				E2A31BFE257B280200A415D5 /* Splash */,
			);
			path = Scenes;
			sourceTree = "<group>";
		};
		E2C949002579F21C007BBCD2 /* Transformers */ = {
			isa = PBXGroup;
			children = (
				E2A31BB1257AF58D00A415D5 /* ViewComponents */,
				E2C9490B2579F274007BBCD2 /* TransformersProtocols.swift */,
				E2C949012579F235007BBCD2 /* TransformersViewController.swift */,
				E2C949062579F241007BBCD2 /* TransformersViewModel.swift */,
				E254A652257A017A0058F6C6 /* TransformersInteractor.swift */,
				E2A31B9F257AEEE600A415D5 /* TransformersViewState.swift */,
				E2A31C3D257B543E00A415D5 /* TransformersCoordinator.swift */,
			);
			path = Transformers;
			sourceTree = "<group>";
		};
		E2C949102579F2D4007BBCD2 /* Networking */ = {
			isa = PBXGroup;
			children = (
				E2C949532579F82B007BBCD2 /* FeedResults */,
				E2C949442579F6BD007BBCD2 /* Services */,
				E2C949202579F412007BBCD2 /* Extensions */,
				E2C949112579F391007BBCD2 /* APIClient.swift */,
				E2C949162579F39E007BBCD2 /* APIError.swift */,
				E2C9491B2579F3AA007BBCD2 /* Endpoint.swift */,
				E254A64D257A00800058F6C6 /* DecodingType.swift */,
			);
			path = Networking;
			sourceTree = "<group>";
		};
		E2C949202579F412007BBCD2 /* Extensions */ = {
			isa = PBXGroup;
			children = (
				E2C9493F2579F694007BBCD2 /* CharacterSet+Filtering.swift */,
				E2C949212579F42C007BBCD2 /* URLRequest+ContentType.swift */,
				E2C949262579F451007BBCD2 /* Dictionary+PercentEscaped.swift */,
			);
			path = Extensions;
			sourceTree = "<group>";
		};
		E2C949442579F6BD007BBCD2 /* Services */ = {
			isa = PBXGroup;
			children = (
				E2C949452579F6C8007BBCD2 /* Auth */,
				E2A31BD2257B12BF00A415D5 /* Transformers */,
			);
			path = Services;
			sourceTree = "<group>";
		};
		E2C949452579F6C8007BBCD2 /* Auth */ = {
			isa = PBXGroup;
			children = (
				E2C949462579F6D5007BBCD2 /* AuthClient.swift */,
				E2C9494E2579F6DC007BBCD2 /* AuthProvider.swift */,
				E2A31B9A257ADC1500A415D5 /* AuthClientProtocol.swift */,
			);
			path = Auth;
			sourceTree = "<group>";
		};
		E2C949532579F82B007BBCD2 /* FeedResults */ = {
			isa = PBXGroup;
			children = (
				E2C949572579F916007BBCD2 /* AccessTokenResult.swift */,
				E2A31BE2257B155E00A415D5 /* TransformersResult.swift */,
				E222618D257C2234005F3273 /* EmptyResult.swift */,
			);
			path = FeedResults;
			sourceTree = "<group>";
		};
/* End PBXGroup section */

/* Begin PBXNativeTarget section */
		E2C948BF2579EF83007BBCD2 /* TransformersApp */ = {
			isa = PBXNativeTarget;
			buildConfigurationList = E2C948EA2579EF86007BBCD2 /* Build configuration list for PBXNativeTarget "TransformersApp" */;
			buildPhases = (
				07026C57984A14D47AD4FFD5 /* [CP] Check Pods Manifest.lock */,
				E2C948BC2579EF83007BBCD2 /* Sources */,
				E2C948BD2579EF83007BBCD2 /* Frameworks */,
				E2C948BE2579EF83007BBCD2 /* Resources */,
				11478E3E2BC66E2D03CEE6F3 /* [CP] Embed Pods Frameworks */,
			);
			buildRules = (
			);
			dependencies = (
			);
			name = TransformersApp;
			productName = TransformersApp;
			productReference = E2C948C02579EF83007BBCD2 /* TransformersApp.app */;
			productType = "com.apple.product-type.application";
		};
		E2C948D52579EF86007BBCD2 /* TransformersAppTests */ = {
			isa = PBXNativeTarget;
			buildConfigurationList = E2C948ED2579EF86007BBCD2 /* Build configuration list for PBXNativeTarget "TransformersAppTests" */;
			buildPhases = (
				13CE54037823DF36EAE1F027 /* [CP] Check Pods Manifest.lock */,
				E2C948D22579EF86007BBCD2 /* Sources */,
				E2C948D32579EF86007BBCD2 /* Frameworks */,
				E2C948D42579EF86007BBCD2 /* Resources */,
			);
			buildRules = (
			);
			dependencies = (
				E2C948D82579EF86007BBCD2 /* PBXTargetDependency */,
			);
			name = TransformersAppTests;
			productName = TransformersAppTests;
			productReference = E2C948D62579EF86007BBCD2 /* TransformersAppTests.xctest */;
			productType = "com.apple.product-type.bundle.unit-test";
		};
		E2C948E02579EF86007BBCD2 /* TransformersAppUITests */ = {
			isa = PBXNativeTarget;
			buildConfigurationList = E2C948F02579EF86007BBCD2 /* Build configuration list for PBXNativeTarget "TransformersAppUITests" */;
			buildPhases = (
				33F390066E2C2FA41F8D20D8 /* [CP] Check Pods Manifest.lock */,
				E2C948DD2579EF86007BBCD2 /* Sources */,
				E2C948DE2579EF86007BBCD2 /* Frameworks */,
				E2C948DF2579EF86007BBCD2 /* Resources */,
				4EC66D5A37D88DEA9549B86F /* [CP] Embed Pods Frameworks */,
			);
			buildRules = (
			);
			dependencies = (
				E2C948E32579EF86007BBCD2 /* PBXTargetDependency */,
			);
			name = TransformersAppUITests;
			productName = TransformersAppUITests;
			productReference = E2C948E12579EF86007BBCD2 /* TransformersAppUITests.xctest */;
			productType = "com.apple.product-type.bundle.ui-testing";
		};
/* End PBXNativeTarget section */

/* Begin PBXProject section */
		E2C948B82579EF83007BBCD2 /* Project object */ = {
			isa = PBXProject;
			attributes = {
				LastSwiftUpdateCheck = 1210;
				LastUpgradeCheck = 1210;
				TargetAttributes = {
					E2C948BF2579EF83007BBCD2 = {
						CreatedOnToolsVersion = 12.1;
					};
					E2C948D52579EF86007BBCD2 = {
						CreatedOnToolsVersion = 12.1;
						TestTargetID = E2C948BF2579EF83007BBCD2;
					};
					E2C948E02579EF86007BBCD2 = {
						CreatedOnToolsVersion = 12.1;
						TestTargetID = E2C948BF2579EF83007BBCD2;
					};
				};
			};
			buildConfigurationList = E2C948BB2579EF83007BBCD2 /* Build configuration list for PBXProject "TransformersApp" */;
			compatibilityVersion = "Xcode 9.3";
			developmentRegion = en;
			hasScannedForEncodings = 0;
			knownRegions = (
				en,
				Base,
				"es-419",
			);
			mainGroup = E2C948B72579EF83007BBCD2;
			productRefGroup = E2C948C12579EF83007BBCD2 /* Products */;
			projectDirPath = "";
			projectRoot = "";
			targets = (
				E2C948BF2579EF83007BBCD2 /* TransformersApp */,
				E2C948D52579EF86007BBCD2 /* TransformersAppTests */,
				E2C948E02579EF86007BBCD2 /* TransformersAppUITests */,
			);
		};
/* End PBXProject section */

/* Begin PBXResourcesBuildPhase section */
		E2C948BE2579EF83007BBCD2 /* Resources */ = {
			isa = PBXResourcesBuildPhase;
			buildActionMask = 2147483647;
			files = (
				E2C948D02579EF86007BBCD2 /* LaunchScreen.storyboard in Resources */,
				E2A31C1E257B501E00A415D5 /* Localizable.strings in Resources */,
				E2C948CD2579EF86007BBCD2 /* Assets.xcassets in Resources */,
			);
			runOnlyForDeploymentPostprocessing = 0;
		};
		E2C948D42579EF86007BBCD2 /* Resources */ = {
			isa = PBXResourcesBuildPhase;
			buildActionMask = 2147483647;
			files = (
			);
			runOnlyForDeploymentPostprocessing = 0;
		};
		E2C948DF2579EF86007BBCD2 /* Resources */ = {
			isa = PBXResourcesBuildPhase;
			buildActionMask = 2147483647;
			files = (
			);
			runOnlyForDeploymentPostprocessing = 0;
		};
/* End PBXResourcesBuildPhase section */

/* Begin PBXShellScriptBuildPhase section */
		07026C57984A14D47AD4FFD5 /* [CP] Check Pods Manifest.lock */ = {
			isa = PBXShellScriptBuildPhase;
			buildActionMask = 2147483647;
			files = (
			);
			inputFileListPaths = (
			);
			inputPaths = (
				"${PODS_PODFILE_DIR_PATH}/Podfile.lock",
				"${PODS_ROOT}/Manifest.lock",
			);
			name = "[CP] Check Pods Manifest.lock";
			outputFileListPaths = (
			);
			outputPaths = (
				"$(DERIVED_FILE_DIR)/Pods-TransformersApp-checkManifestLockResult.txt",
			);
			runOnlyForDeploymentPostprocessing = 0;
			shellPath = /bin/sh;
			shellScript = "diff \"${PODS_PODFILE_DIR_PATH}/Podfile.lock\" \"${PODS_ROOT}/Manifest.lock\" > /dev/null\nif [ $? != 0 ] ; then\n    # print error to STDERR\n    echo \"error: The sandbox is not in sync with the Podfile.lock. Run 'pod install' or update your CocoaPods installation.\" >&2\n    exit 1\nfi\n# This output is used by Xcode 'outputs' to avoid re-running this script phase.\necho \"SUCCESS\" > \"${SCRIPT_OUTPUT_FILE_0}\"\n";
			showEnvVarsInLog = 0;
		};
		11478E3E2BC66E2D03CEE6F3 /* [CP] Embed Pods Frameworks */ = {
			isa = PBXShellScriptBuildPhase;
			buildActionMask = 2147483647;
			files = (
			);
			inputFileListPaths = (
				"${PODS_ROOT}/Target Support Files/Pods-TransformersApp/Pods-TransformersApp-frameworks-${CONFIGURATION}-input-files.xcfilelist",
			);
			name = "[CP] Embed Pods Frameworks";
			outputFileListPaths = (
				"${PODS_ROOT}/Target Support Files/Pods-TransformersApp/Pods-TransformersApp-frameworks-${CONFIGURATION}-output-files.xcfilelist",
			);
			runOnlyForDeploymentPostprocessing = 0;
			shellPath = /bin/sh;
			shellScript = "\"${PODS_ROOT}/Target Support Files/Pods-TransformersApp/Pods-TransformersApp-frameworks.sh\"\n";
			showEnvVarsInLog = 0;
		};
		13CE54037823DF36EAE1F027 /* [CP] Check Pods Manifest.lock */ = {
			isa = PBXShellScriptBuildPhase;
			buildActionMask = 2147483647;
			files = (
			);
			inputFileListPaths = (
			);
			inputPaths = (
				"${PODS_PODFILE_DIR_PATH}/Podfile.lock",
				"${PODS_ROOT}/Manifest.lock",
			);
			name = "[CP] Check Pods Manifest.lock";
			outputFileListPaths = (
			);
			outputPaths = (
				"$(DERIVED_FILE_DIR)/Pods-TransformersAppTests-checkManifestLockResult.txt",
			);
			runOnlyForDeploymentPostprocessing = 0;
			shellPath = /bin/sh;
			shellScript = "diff \"${PODS_PODFILE_DIR_PATH}/Podfile.lock\" \"${PODS_ROOT}/Manifest.lock\" > /dev/null\nif [ $? != 0 ] ; then\n    # print error to STDERR\n    echo \"error: The sandbox is not in sync with the Podfile.lock. Run 'pod install' or update your CocoaPods installation.\" >&2\n    exit 1\nfi\n# This output is used by Xcode 'outputs' to avoid re-running this script phase.\necho \"SUCCESS\" > \"${SCRIPT_OUTPUT_FILE_0}\"\n";
			showEnvVarsInLog = 0;
		};
		33F390066E2C2FA41F8D20D8 /* [CP] Check Pods Manifest.lock */ = {
			isa = PBXShellScriptBuildPhase;
			buildActionMask = 2147483647;
			files = (
			);
			inputFileListPaths = (
			);
			inputPaths = (
				"${PODS_PODFILE_DIR_PATH}/Podfile.lock",
				"${PODS_ROOT}/Manifest.lock",
			);
			name = "[CP] Check Pods Manifest.lock";
			outputFileListPaths = (
			);
			outputPaths = (
				"$(DERIVED_FILE_DIR)/Pods-TransformersApp-TransformersAppUITests-checkManifestLockResult.txt",
			);
			runOnlyForDeploymentPostprocessing = 0;
			shellPath = /bin/sh;
			shellScript = "diff \"${PODS_PODFILE_DIR_PATH}/Podfile.lock\" \"${PODS_ROOT}/Manifest.lock\" > /dev/null\nif [ $? != 0 ] ; then\n    # print error to STDERR\n    echo \"error: The sandbox is not in sync with the Podfile.lock. Run 'pod install' or update your CocoaPods installation.\" >&2\n    exit 1\nfi\n# This output is used by Xcode 'outputs' to avoid re-running this script phase.\necho \"SUCCESS\" > \"${SCRIPT_OUTPUT_FILE_0}\"\n";
			showEnvVarsInLog = 0;
		};
		4EC66D5A37D88DEA9549B86F /* [CP] Embed Pods Frameworks */ = {
			isa = PBXShellScriptBuildPhase;
			buildActionMask = 2147483647;
			files = (
			);
			inputFileListPaths = (
				"${PODS_ROOT}/Target Support Files/Pods-TransformersApp-TransformersAppUITests/Pods-TransformersApp-TransformersAppUITests-frameworks-${CONFIGURATION}-input-files.xcfilelist",
			);
			name = "[CP] Embed Pods Frameworks";
			outputFileListPaths = (
				"${PODS_ROOT}/Target Support Files/Pods-TransformersApp-TransformersAppUITests/Pods-TransformersApp-TransformersAppUITests-frameworks-${CONFIGURATION}-output-files.xcfilelist",
			);
			runOnlyForDeploymentPostprocessing = 0;
			shellPath = /bin/sh;
			shellScript = "\"${PODS_ROOT}/Target Support Files/Pods-TransformersApp-TransformersAppUITests/Pods-TransformersApp-TransformersAppUITests-frameworks.sh\"\n";
			showEnvVarsInLog = 0;
		};
/* End PBXShellScriptBuildPhase section */

/* Begin PBXSourcesBuildPhase section */
		E2C948BC2579EF83007BBCD2 /* Sources */ = {
			isa = PBXSourcesBuildPhase;
			buildActionMask = 2147483647;
			files = (
				E2C949472579F6D5007BBCD2 /* AuthClient.swift in Sources */,
				E2A31C05257B282900A415D5 /* SplashViewModel.swift in Sources */,
				E254A64E257A00800058F6C6 /* DecodingType.swift in Sources */,
				E2A31BC9257B0E8C00A415D5 /* UITableView+Register.swift in Sources */,
				E2A31B8A257AD5FE00A415D5 /* SecureStorageProtocol.swift in Sources */,
				E2A31C00257B281100A415D5 /* SplashViewController.swift in Sources */,
				E2C949582579F916007BBCD2 /* AccessTokenResult.swift in Sources */,
				E2A31C0F257B289200A415D5 /* SplashInteractor.swift in Sources */,
				E2A31BA6257AF26C00A415D5 /* Bindable.swift in Sources */,
				E222619E257CBFD2005F3273 /* TransformerDetailViewController.swift in Sources */,
				E254A69C257A05750058F6C6 /* SecureStorage.swift in Sources */,
				E2A31C50257B59FB00A415D5 /* SplashView.swift in Sources */,
				E2A31C3E257B543E00A415D5 /* TransformersCoordinator.swift in Sources */,
				E2C949022579F235007BBCD2 /* TransformersViewController.swift in Sources */,
				E254A66D257A041F0058F6C6 /* KeychainStorage.swift in Sources */,
				E2C949222579F42C007BBCD2 /* URLRequest+ContentType.swift in Sources */,
				E2A31BE3257B155E00A415D5 /* TransformersResult.swift in Sources */,
				E2A31BC4257AF60100A415D5 /* TransformerType.swift in Sources */,
				E2C9491C2579F3AA007BBCD2 /* Endpoint.swift in Sources */,
				E2C949122579F391007BBCD2 /* APIClient.swift in Sources */,
				E2C949072579F241007BBCD2 /* TransformersViewModel.swift in Sources */,
				E2A31BAD257AF43800A415D5 /* UIView+Layout.swift in Sources */,
				E22261B6257CC03E005F3273 /* TransformerDetailProtocols.swift in Sources */,
				E2A31C0A257B287D00A415D5 /* SplashProtocols.swift in Sources */,
				E2A31BBF257AF5EF00A415D5 /* Transformer.swift in Sources */,
				E254A653257A017A0058F6C6 /* TransformersInteractor.swift in Sources */,
				E2226198257CA8C8005F3273 /* TransformerCellState.swift in Sources */,
				E2226193257CA6DB005F3273 /* Alertable.swift in Sources */,
				E2A31C2F257B509E00A415D5 /* Localizable.swift in Sources */,
				E22261B0257CC024005F3273 /* TransformerAddViewModel.swift in Sources */,
				E2C948C42579EF83007BBCD2 /* AppDelegate.swift in Sources */,
				E22261C5257CC112005F3273 /* TransformerEditCoordinator.swift in Sources */,
				E2A31BB4257AF5AE00A415D5 /* TransformerTableViewCell.swift in Sources */,
				E2A31C34257B50C500A415D5 /* String+Localized.swift in Sources */,
				E2C949172579F39E007BBCD2 /* APIError.swift in Sources */,
				E2A31BD4257B12DA00A415D5 /* TransformerClient.swift in Sources */,
				E2A31C39257B529100A415D5 /* Coordinator.swift in Sources */,
				E2A31B9B257ADC1500A415D5 /* AuthClientProtocol.swift in Sources */,
				E28E7AB2257B5E8100D910EB /* SplashBuilder.swift in Sources */,
				E2A31BCE257B116B00A415D5 /* Dequeuable.swift in Sources */,
				E2A31BF4257B197300A415D5 /* TitledFooterView.swift in Sources */,
				E2A31BB9257AF5C000A415D5 /* TransformerCellViewModel.swift in Sources */,
				E2A31BA0257AEEE600A415D5 /* TransformersViewState.swift in Sources */,
				E22261C0257CC105005F3273 /* TransformerAddCoordinator.swift in Sources */,
				E2A31BEF257B195C00A415D5 /* LoadingFooterView.swift in Sources */,
				E2A31C2A257B509000A415D5 /* LocalizedStrings.swift in Sources */,
				E2C949272579F451007BBCD2 /* Dictionary+PercentEscaped.swift in Sources */,
				E222618E257C2234005F3273 /* EmptyResult.swift in Sources */,
				E2C948C62579EF83007BBCD2 /* SceneDelegate.swift in Sources */,
				E2A31BFA257B1A0800A415D5 /* FontHelper.swift in Sources */,
				E2C9490C2579F274007BBCD2 /* TransformersProtocols.swift in Sources */,
				E2C9494F2579F6DC007BBCD2 /* AuthProvider.swift in Sources */,
				E2A31BD9257B12E600A415D5 /* TransformerProvider.swift in Sources */,
				E2A31C43257B54E900A415D5 /* SplashCoordinator.swift in Sources */,
				E2A31BDE257B12F100A415D5 /* TransformerClientProtocol.swift in Sources */,
				E22261A8257CC008005F3273 /* TransformerEditViewModel.swift in Sources */,
				E2C949402579F694007BBCD2 /* CharacterSet+Filtering.swift in Sources */,
			);
			runOnlyForDeploymentPostprocessing = 0;
		};
		E2C948D22579EF86007BBCD2 /* Sources */ = {
			isa = PBXSourcesBuildPhase;
			buildActionMask = 2147483647;
			files = (
				E2C948DB2579EF86007BBCD2 /* TransformersAppTests.swift in Sources */,
			);
			runOnlyForDeploymentPostprocessing = 0;
		};
		E2C948DD2579EF86007BBCD2 /* Sources */ = {
			isa = PBXSourcesBuildPhase;
			buildActionMask = 2147483647;
			files = (
				E2C948E62579EF86007BBCD2 /* TransformersAppUITests.swift in Sources */,
			);
			runOnlyForDeploymentPostprocessing = 0;
		};
/* End PBXSourcesBuildPhase section */

/* Begin PBXTargetDependency section */
		E2C948D82579EF86007BBCD2 /* PBXTargetDependency */ = {
			isa = PBXTargetDependency;
			target = E2C948BF2579EF83007BBCD2 /* TransformersApp */;
			targetProxy = E2C948D72579EF86007BBCD2 /* PBXContainerItemProxy */;
		};
		E2C948E32579EF86007BBCD2 /* PBXTargetDependency */ = {
			isa = PBXTargetDependency;
			target = E2C948BF2579EF83007BBCD2 /* TransformersApp */;
			targetProxy = E2C948E22579EF86007BBCD2 /* PBXContainerItemProxy */;
		};
/* End PBXTargetDependency section */

/* Begin PBXVariantGroup section */
		E2A31C20257B501E00A415D5 /* Localizable.strings */ = {
			isa = PBXVariantGroup;
			children = (
				E2A31C1F257B501E00A415D5 /* en */,
				E2A31C24257B503600A415D5 /* es-419 */,
			);
			name = Localizable.strings;
			sourceTree = "<group>";
		};
		E2C948CE2579EF86007BBCD2 /* LaunchScreen.storyboard */ = {
			isa = PBXVariantGroup;
			children = (
				E2C948CF2579EF86007BBCD2 /* Base */,
			);
			name = LaunchScreen.storyboard;
			sourceTree = "<group>";
		};
/* End PBXVariantGroup section */

/* Begin XCBuildConfiguration section */
		E2C948E82579EF86007BBCD2 /* Debug */ = {
			isa = XCBuildConfiguration;
			buildSettings = {
				ALWAYS_SEARCH_USER_PATHS = NO;
				CLANG_ANALYZER_LOCALIZABILITY_NONLOCALIZED = YES;
				CLANG_ANALYZER_NONNULL = YES;
				CLANG_ANALYZER_NUMBER_OBJECT_CONVERSION = YES_AGGRESSIVE;
				CLANG_CXX_LANGUAGE_STANDARD = "gnu++14";
				CLANG_CXX_LIBRARY = "libc++";
				CLANG_ENABLE_MODULES = YES;
				CLANG_ENABLE_OBJC_ARC = YES;
				CLANG_ENABLE_OBJC_WEAK = YES;
				CLANG_WARN_BLOCK_CAPTURE_AUTORELEASING = YES;
				CLANG_WARN_BOOL_CONVERSION = YES;
				CLANG_WARN_COMMA = YES;
				CLANG_WARN_CONSTANT_CONVERSION = YES;
				CLANG_WARN_DEPRECATED_OBJC_IMPLEMENTATIONS = YES;
				CLANG_WARN_DIRECT_OBJC_ISA_USAGE = YES_ERROR;
				CLANG_WARN_DOCUMENTATION_COMMENTS = YES;
				CLANG_WARN_EMPTY_BODY = YES;
				CLANG_WARN_ENUM_CONVERSION = YES;
				CLANG_WARN_INFINITE_RECURSION = YES;
				CLANG_WARN_INT_CONVERSION = YES;
				CLANG_WARN_NON_LITERAL_NULL_CONVERSION = YES;
				CLANG_WARN_OBJC_IMPLICIT_RETAIN_SELF = YES;
				CLANG_WARN_OBJC_LITERAL_CONVERSION = YES;
				CLANG_WARN_OBJC_ROOT_CLASS = YES_ERROR;
				CLANG_WARN_QUOTED_INCLUDE_IN_FRAMEWORK_HEADER = YES;
				CLANG_WARN_RANGE_LOOP_ANALYSIS = YES;
				CLANG_WARN_STRICT_PROTOTYPES = YES;
				CLANG_WARN_SUSPICIOUS_MOVE = YES;
				CLANG_WARN_UNGUARDED_AVAILABILITY = YES_AGGRESSIVE;
				CLANG_WARN_UNREACHABLE_CODE = YES;
				CLANG_WARN__DUPLICATE_METHOD_MATCH = YES;
				COPY_PHASE_STRIP = NO;
				DEBUG_INFORMATION_FORMAT = dwarf;
				ENABLE_STRICT_OBJC_MSGSEND = YES;
				ENABLE_TESTABILITY = YES;
				GCC_C_LANGUAGE_STANDARD = gnu11;
				GCC_DYNAMIC_NO_PIC = NO;
				GCC_NO_COMMON_BLOCKS = YES;
				GCC_OPTIMIZATION_LEVEL = 0;
				GCC_PREPROCESSOR_DEFINITIONS = (
					"DEBUG=1",
					"$(inherited)",
				);
				GCC_WARN_64_TO_32_BIT_CONVERSION = YES;
				GCC_WARN_ABOUT_RETURN_TYPE = YES_ERROR;
				GCC_WARN_UNDECLARED_SELECTOR = YES;
				GCC_WARN_UNINITIALIZED_AUTOS = YES_AGGRESSIVE;
				GCC_WARN_UNUSED_FUNCTION = YES;
				GCC_WARN_UNUSED_VARIABLE = YES;
				IPHONEOS_DEPLOYMENT_TARGET = 14.1;
				MTL_ENABLE_DEBUG_INFO = INCLUDE_SOURCE;
				MTL_FAST_MATH = YES;
				ONLY_ACTIVE_ARCH = YES;
				SDKROOT = iphoneos;
				SWIFT_ACTIVE_COMPILATION_CONDITIONS = DEBUG;
				SWIFT_OPTIMIZATION_LEVEL = "-Onone";
			};
			name = Debug;
		};
		E2C948E92579EF86007BBCD2 /* Release */ = {
			isa = XCBuildConfiguration;
			buildSettings = {
				ALWAYS_SEARCH_USER_PATHS = NO;
				CLANG_ANALYZER_LOCALIZABILITY_NONLOCALIZED = YES;
				CLANG_ANALYZER_NONNULL = YES;
				CLANG_ANALYZER_NUMBER_OBJECT_CONVERSION = YES_AGGRESSIVE;
				CLANG_CXX_LANGUAGE_STANDARD = "gnu++14";
				CLANG_CXX_LIBRARY = "libc++";
				CLANG_ENABLE_MODULES = YES;
				CLANG_ENABLE_OBJC_ARC = YES;
				CLANG_ENABLE_OBJC_WEAK = YES;
				CLANG_WARN_BLOCK_CAPTURE_AUTORELEASING = YES;
				CLANG_WARN_BOOL_CONVERSION = YES;
				CLANG_WARN_COMMA = YES;
				CLANG_WARN_CONSTANT_CONVERSION = YES;
				CLANG_WARN_DEPRECATED_OBJC_IMPLEMENTATIONS = YES;
				CLANG_WARN_DIRECT_OBJC_ISA_USAGE = YES_ERROR;
				CLANG_WARN_DOCUMENTATION_COMMENTS = YES;
				CLANG_WARN_EMPTY_BODY = YES;
				CLANG_WARN_ENUM_CONVERSION = YES;
				CLANG_WARN_INFINITE_RECURSION = YES;
				CLANG_WARN_INT_CONVERSION = YES;
				CLANG_WARN_NON_LITERAL_NULL_CONVERSION = YES;
				CLANG_WARN_OBJC_IMPLICIT_RETAIN_SELF = YES;
				CLANG_WARN_OBJC_LITERAL_CONVERSION = YES;
				CLANG_WARN_OBJC_ROOT_CLASS = YES_ERROR;
				CLANG_WARN_QUOTED_INCLUDE_IN_FRAMEWORK_HEADER = YES;
				CLANG_WARN_RANGE_LOOP_ANALYSIS = YES;
				CLANG_WARN_STRICT_PROTOTYPES = YES;
				CLANG_WARN_SUSPICIOUS_MOVE = YES;
				CLANG_WARN_UNGUARDED_AVAILABILITY = YES_AGGRESSIVE;
				CLANG_WARN_UNREACHABLE_CODE = YES;
				CLANG_WARN__DUPLICATE_METHOD_MATCH = YES;
				COPY_PHASE_STRIP = NO;
				DEBUG_INFORMATION_FORMAT = "dwarf-with-dsym";
				ENABLE_NS_ASSERTIONS = NO;
				ENABLE_STRICT_OBJC_MSGSEND = YES;
				GCC_C_LANGUAGE_STANDARD = gnu11;
				GCC_NO_COMMON_BLOCKS = YES;
				GCC_WARN_64_TO_32_BIT_CONVERSION = YES;
				GCC_WARN_ABOUT_RETURN_TYPE = YES_ERROR;
				GCC_WARN_UNDECLARED_SELECTOR = YES;
				GCC_WARN_UNINITIALIZED_AUTOS = YES_AGGRESSIVE;
				GCC_WARN_UNUSED_FUNCTION = YES;
				GCC_WARN_UNUSED_VARIABLE = YES;
				IPHONEOS_DEPLOYMENT_TARGET = 14.1;
				MTL_ENABLE_DEBUG_INFO = NO;
				MTL_FAST_MATH = YES;
				SDKROOT = iphoneos;
				SWIFT_COMPILATION_MODE = wholemodule;
				SWIFT_OPTIMIZATION_LEVEL = "-O";
				VALIDATE_PRODUCT = YES;
			};
			name = Release;
		};
		E2C948EB2579EF86007BBCD2 /* Debug */ = {
			isa = XCBuildConfiguration;
			baseConfigurationReference = B67441565501DE9117CD34DA /* Pods-TransformersApp.debug.xcconfig */;
			buildSettings = {
				ASSETCATALOG_COMPILER_APPICON_NAME = AppIcon;
				ASSETCATALOG_COMPILER_GLOBAL_ACCENT_COLOR_NAME = AccentColor;
				CODE_SIGN_STYLE = Automatic;
				DEVELOPMENT_TEAM = E95KU8J3PN;
				INFOPLIST_FILE = TransformersApp/Info.plist;
				IPHONEOS_DEPLOYMENT_TARGET = 10.0;
				LD_RUNPATH_SEARCH_PATHS = (
					"$(inherited)",
					"@executable_path/Frameworks",
				);
				PRODUCT_BUNDLE_IDENTIFIER = com.Alonso.TransformersApp;
				PRODUCT_NAME = "$(TARGET_NAME)";
				SWIFT_VERSION = 5.0;
				TARGETED_DEVICE_FAMILY = "1,2";
			};
			name = Debug;
		};
		E2C948EC2579EF86007BBCD2 /* Release */ = {
			isa = XCBuildConfiguration;
			baseConfigurationReference = 293D1125E45042223A645F9F /* Pods-TransformersApp.release.xcconfig */;
			buildSettings = {
				ASSETCATALOG_COMPILER_APPICON_NAME = AppIcon;
				ASSETCATALOG_COMPILER_GLOBAL_ACCENT_COLOR_NAME = AccentColor;
				CODE_SIGN_STYLE = Automatic;
				DEVELOPMENT_TEAM = E95KU8J3PN;
				INFOPLIST_FILE = TransformersApp/Info.plist;
				IPHONEOS_DEPLOYMENT_TARGET = 10.0;
				LD_RUNPATH_SEARCH_PATHS = (
					"$(inherited)",
					"@executable_path/Frameworks",
				);
				PRODUCT_BUNDLE_IDENTIFIER = com.Alonso.TransformersApp;
				PRODUCT_NAME = "$(TARGET_NAME)";
				SWIFT_VERSION = 5.0;
				TARGETED_DEVICE_FAMILY = "1,2";
			};
			name = Release;
		};
		E2C948EE2579EF86007BBCD2 /* Debug */ = {
			isa = XCBuildConfiguration;
			baseConfigurationReference = 194831BAF8D3F05541D33AF6 /* Pods-TransformersAppTests.debug.xcconfig */;
			buildSettings = {
				ALWAYS_EMBED_SWIFT_STANDARD_LIBRARIES = YES;
				BUNDLE_LOADER = "$(TEST_HOST)";
				CODE_SIGN_STYLE = Automatic;
				DEVELOPMENT_TEAM = E95KU8J3PN;
				INFOPLIST_FILE = TransformersAppTests/Info.plist;
				IPHONEOS_DEPLOYMENT_TARGET = 14.1;
				LD_RUNPATH_SEARCH_PATHS = (
					"$(inherited)",
					"@executable_path/Frameworks",
					"@loader_path/Frameworks",
				);
				PRODUCT_BUNDLE_IDENTIFIER = com.Alonso.TransformersAppTests;
				PRODUCT_NAME = "$(TARGET_NAME)";
				SWIFT_VERSION = 5.0;
				TARGETED_DEVICE_FAMILY = "1,2";
				TEST_HOST = "$(BUILT_PRODUCTS_DIR)/TransformersApp.app/TransformersApp";
			};
			name = Debug;
		};
		E2C948EF2579EF86007BBCD2 /* Release */ = {
			isa = XCBuildConfiguration;
			baseConfigurationReference = 62B88A7D0D06D6FB1F61687E /* Pods-TransformersAppTests.release.xcconfig */;
			buildSettings = {
				ALWAYS_EMBED_SWIFT_STANDARD_LIBRARIES = YES;
				BUNDLE_LOADER = "$(TEST_HOST)";
				CODE_SIGN_STYLE = Automatic;
				DEVELOPMENT_TEAM = E95KU8J3PN;
				INFOPLIST_FILE = TransformersAppTests/Info.plist;
				IPHONEOS_DEPLOYMENT_TARGET = 14.1;
				LD_RUNPATH_SEARCH_PATHS = (
					"$(inherited)",
					"@executable_path/Frameworks",
					"@loader_path/Frameworks",
				);
				PRODUCT_BUNDLE_IDENTIFIER = com.Alonso.TransformersAppTests;
				PRODUCT_NAME = "$(TARGET_NAME)";
				SWIFT_VERSION = 5.0;
				TARGETED_DEVICE_FAMILY = "1,2";
				TEST_HOST = "$(BUILT_PRODUCTS_DIR)/TransformersApp.app/TransformersApp";
			};
			name = Release;
		};
		E2C948F12579EF86007BBCD2 /* Debug */ = {
			isa = XCBuildConfiguration;
			baseConfigurationReference = 5D28BEA95C1EF658ECF60106 /* Pods-TransformersApp-TransformersAppUITests.debug.xcconfig */;
			buildSettings = {
				ALWAYS_EMBED_SWIFT_STANDARD_LIBRARIES = YES;
				CODE_SIGN_STYLE = Automatic;
				DEVELOPMENT_TEAM = E95KU8J3PN;
				INFOPLIST_FILE = TransformersAppUITests/Info.plist;
				LD_RUNPATH_SEARCH_PATHS = (
					"$(inherited)",
					"@executable_path/Frameworks",
					"@loader_path/Frameworks",
				);
				PRODUCT_BUNDLE_IDENTIFIER = com.Alonso.TransformersAppUITests;
				PRODUCT_NAME = "$(TARGET_NAME)";
				SWIFT_VERSION = 5.0;
				TARGETED_DEVICE_FAMILY = "1,2";
				TEST_TARGET_NAME = TransformersApp;
			};
			name = Debug;
		};
		E2C948F22579EF86007BBCD2 /* Release */ = {
			isa = XCBuildConfiguration;
			baseConfigurationReference = 66882B87FA8A7ED803157537 /* Pods-TransformersApp-TransformersAppUITests.release.xcconfig */;
			buildSettings = {
				ALWAYS_EMBED_SWIFT_STANDARD_LIBRARIES = YES;
				CODE_SIGN_STYLE = Automatic;
				DEVELOPMENT_TEAM = E95KU8J3PN;
				INFOPLIST_FILE = TransformersAppUITests/Info.plist;
				LD_RUNPATH_SEARCH_PATHS = (
					"$(inherited)",
					"@executable_path/Frameworks",
					"@loader_path/Frameworks",
				);
				PRODUCT_BUNDLE_IDENTIFIER = com.Alonso.TransformersAppUITests;
				PRODUCT_NAME = "$(TARGET_NAME)";
				SWIFT_VERSION = 5.0;
				TARGETED_DEVICE_FAMILY = "1,2";
				TEST_TARGET_NAME = TransformersApp;
			};
			name = Release;
		};
/* End XCBuildConfiguration section */

/* Begin XCConfigurationList section */
		E2C948BB2579EF83007BBCD2 /* Build configuration list for PBXProject "TransformersApp" */ = {
			isa = XCConfigurationList;
			buildConfigurations = (
				E2C948E82579EF86007BBCD2 /* Debug */,
				E2C948E92579EF86007BBCD2 /* Release */,
			);
			defaultConfigurationIsVisible = 0;
			defaultConfigurationName = Release;
		};
		E2C948EA2579EF86007BBCD2 /* Build configuration list for PBXNativeTarget "TransformersApp" */ = {
			isa = XCConfigurationList;
			buildConfigurations = (
				E2C948EB2579EF86007BBCD2 /* Debug */,
				E2C948EC2579EF86007BBCD2 /* Release */,
			);
			defaultConfigurationIsVisible = 0;
			defaultConfigurationName = Release;
		};
		E2C948ED2579EF86007BBCD2 /* Build configuration list for PBXNativeTarget "TransformersAppTests" */ = {
			isa = XCConfigurationList;
			buildConfigurations = (
				E2C948EE2579EF86007BBCD2 /* Debug */,
				E2C948EF2579EF86007BBCD2 /* Release */,
			);
			defaultConfigurationIsVisible = 0;
			defaultConfigurationName = Release;
		};
		E2C948F02579EF86007BBCD2 /* Build configuration list for PBXNativeTarget "TransformersAppUITests" */ = {
			isa = XCConfigurationList;
			buildConfigurations = (
				E2C948F12579EF86007BBCD2 /* Debug */,
				E2C948F22579EF86007BBCD2 /* Release */,
			);
			defaultConfigurationIsVisible = 0;
			defaultConfigurationName = Release;
		};
/* End XCConfigurationList section */
	};
	rootObject = E2C948B82579EF83007BBCD2 /* Project object */;
}
